<?xml version="1.0" encoding="utf-8"?>
<Project ToolsVersion="4.0" xmlns="http://schemas.microsoft.com/developer/msbuild/2003">
  <ItemGroup>
    <Filter Include="Source Files">
      <UniqueIdentifier>{4FC737F1-C7A5-4376-A066-2A32D752A2FF}</UniqueIdentifier>
      <Extensions>cpp;c;cc;cxx;def;odl;idl;hpj;bat;asm;asmx</Extensions>
    </Filter>
    <Filter Include="Header Files">
      <UniqueIdentifier>{93995380-89BD-4b04-88EB-625FBE52EBFB}</UniqueIdentifier>
      <Extensions>h;hh;hpp;hxx;hm;inl;inc;ipp;xsd</Extensions>
    </Filter>
    <Filter Include="Resource Files">
      <UniqueIdentifier>{67DA6AB6-F800-4c08-8B7A-83BB121AAD01}</UniqueIdentifier>
      <Extensions>rc;ico;cur;bmp;dlg;rc2;rct;bin;rgs;gif;jpg;jpeg;jpe;resx;tiff;tif;png;wav;mfcribbon-ms</Extensions>
    </Filter>
    <Filter Include="Source Files\Utils">
      <UniqueIdentifier>{ed7eb3e2-42e7-4771-a400-8815a1c92c5d}</UniqueIdentifier>
    </Filter>
    <Filter Include="Source Files\Objects">
      <UniqueIdentifier>{94e6df53-7fdb-4ace-9e2e-11c828adedd7}</UniqueIdentifier>
    </Filter>
    <Filter Include="Source Files\Utils\Noise">
      <UniqueIdentifier>{5b152279-479e-4366-9bb8-165f1f0993a0}</UniqueIdentifier>
    </Filter>
    <Filter Include="Source Files\Shaders">
      <UniqueIdentifier>{2c4a422f-8507-4d26-8ac7-dfb75532349d}</UniqueIdentifier>
    </Filter>
    <Filter Include="Header Files\Object">
      <UniqueIdentifier>{72b8cbaf-6574-45a4-a592-6d1b830c8f5b}</UniqueIdentifier>
    </Filter>
    <Filter Include="Header Files\Utils">
      <UniqueIdentifier>{95b44534-9c8d-434e-9634-be31ba83467c}</UniqueIdentifier>
    </Filter>
    <Filter Include="Source Files\Objects\Chunk">
      <UniqueIdentifier>{b2232ad7-50ba-4b4a-8610-cf4ff7aa566d}</UniqueIdentifier>
    </Filter>
    <Filter Include="Header Files\Object\Chunk">
      <UniqueIdentifier>{dadc70d3-386d-4604-b70d-a1613814702c}</UniqueIdentifier>
    </Filter>
    <Filter Include="Header Files\Utils\Noise">
      <UniqueIdentifier>{b2fb124a-7f23-486e-b2c9-a11c3bfe3b93}</UniqueIdentifier>
    </Filter>
  </ItemGroup>
  <ItemGroup>
    <ClCompile Include="Source.cpp">
      <Filter>Source Files</Filter>
    </ClCompile>
    <ClCompile Include="Game.cpp">
      <Filter>Source Files</Filter>
    </ClCompile>
    <ClCompile Include="World.cpp">
      <Filter>Source Files</Filter>
    </ClCompile>
    <ClCompile Include="Shader.cpp">
      <Filter>Source Files\Utils</Filter>
    </ClCompile>
    <ClCompile Include="Camera.cpp">
      <Filter>Source Files\Utils</Filter>
    </ClCompile>
    <ClCompile Include="TextureAtlas.cpp">
      <Filter>Source Files</Filter>
    </ClCompile>
    <ClCompile Include="Chunk.cpp">
      <Filter>Source Files\Objects\Chunk</Filter>
    </ClCompile>
    <ClCompile Include="ChunkController.cpp">
      <Filter>Source Files\Objects\Chunk</Filter>
    </ClCompile>
    <ClCompile Include="StbImpl.cpp">
      <Filter>Source Files</Filter>
    </ClCompile>
    <ClCompile Include="Block.cpp">
      <Filter>Source Files\Objects</Filter>
    </ClCompile>
    <ClCompile Include="NoiseGenerator.cpp">
      <Filter>Source Files\Utils\Noise</Filter>
    </ClCompile>
  </ItemGroup>
  <ItemGroup>
    <None Include="packages.config" />
    <None Include="chunkshader.vert">
      <Filter>Source Files\Shaders</Filter>
    </None>
    <None Include="chunkshader.frag">
      <Filter>Source Files\Shaders</Filter>
    </None>
  </ItemGroup>
  <ItemGroup>
    <ClInclude Include="Game.h">
      <Filter>Header Files</Filter>
    </ClInclude>
    <ClInclude Include="World.h">
      <Filter>Header Files</Filter>
    </ClInclude>
    <ClInclude Include="Camera.h">
      <Filter>Header Files\Utils</Filter>
    </ClInclude>
    <ClInclude Include="Shader.h">
      <Filter>Header Files\Utils</Filter>
    </ClInclude>
    <ClInclude Include="TextureAtlas.h">
      <Filter>Header Files</Filter>
    </ClInclude>
    <ClInclude Include="Chunk.h">
      <Filter>Header Files\Object\Chunk</Filter>
    </ClInclude>
    <ClInclude Include="ChunkController.h">
      <Filter>Header Files\Object\Chunk</Filter>
    </ClInclude>
    <ClInclude Include="stb_image.h">
      <Filter>Header Files\Utils</Filter>
    </ClInclude>
    <ClInclude Include="Block.h">
      <Filter>Header Files\Object</Filter>
    </ClInclude>
    <ClInclude Include="BlockData.h">
      <Filter>Header Files\Object</Filter>
    </ClInclude>
    <ClInclude Include="NoiseGenerator.h">
      <Filter>Header Files\Utils\Noise</Filter>
    </ClInclude>
  </ItemGroup>
</Project>